lockfileVersion: 5.4

specifiers:
  '@cst-tokens/helpers': 0.2.0
  cst-tokens: 0.4.0
  meriyah: ^4.3.0
  prettier: ^2.7.1

dependencies:
  '@cst-tokens/helpers': 0.2.0

devDependencies:
  cst-tokens: 0.4.0
  meriyah: 4.3.0
  prettier: 2.7.1

packages:

  /@cst-tokens/helpers/0.2.0:
    resolution: {integrity: sha512-1GX1By3ti7ohy+Fu7hqntP8CBjfSd+Hbv1vdsHMFo0RSSnuJXmkEN50wCdVIpGgQdCW1CZ9GYBZjBOC/w7JW2g==}
    dependencies:
      debug: 4.3.4
    transitivePeerDependencies:
      - supports-color
    dev: false

  /@iter-tools/imm-stack/1.1.0:
    resolution: {integrity: sha512-5wCL8xt4sZ3v0buB3HrzqL2FTkaYB+ZVwkACo1G80zXWWG/8tSGgRiz7EQSkgDRrPQtpoGXRdOKW+GAVmG/Uyg==}
    dev: true

  /@iter-tools/regex/0.3.0:
    resolution: {integrity: sha512-sSFwoYgsEWMOIxqWZt9ugYlblD8W/AXj/aiaDLcrARg6Nlct7STnvlugaxpSZxtueyJr89HfGCaDsC++BKkWPw==}
    engines: {node: '>=12.0.0'}
    dependencies:
      '@iter-tools/imm-stack': 1.1.0
      functional-red-black-tree: 1.0.1
      iter-tools-es: 7.4.0
      regexpp: 3.2.0
    dev: true

  /cst-tokens/0.4.0:
    resolution: {integrity: sha512-QHJ/J64JyXZUlUI7alwalddVKOfDPm1L4UuLtwfdYZM2/4hX8RBUHCOEVPrZvN0hJHRHyldvnyIrz2+a8Uhutw==}
    dependencies:
      '@iter-tools/imm-stack': 1.1.0
      '@iter-tools/regex': 0.3.0
      debug: 4.3.4
      escape-string-regexp: 4.0.0
    transitivePeerDependencies:
      - supports-color
    dev: true

  /debug/4.3.4:
    resolution: {integrity: sha512-PRWFHuSU3eDtQJPvnNY7Jcket1j0t5OuOsFzPPzsekD52Zl8qUfFIPEiswXqIvHWGVHOgX+7G/vCNNhehwxfkQ==}
    engines: {node: '>=6.0'}
    peerDependencies:
      supports-color: '*'
    peerDependenciesMeta:
      supports-color:
        optional: true
    dependencies:
      ms: 2.1.2

  /escape-string-regexp/4.0.0:
    resolution: {integrity: sha512-TtpcNJ3XAzx3Gq8sWRzJaVajRs0uVxA2YAkdb1jm2YkPz4G6egUFAyA3n5vtEIZefPk5Wa4UXbKuS5fKkJWdgA==}
    engines: {node: '>=10'}
    dev: true

  /functional-red-black-tree/1.0.1:
    resolution: {integrity: sha512-dsKNQNdj6xA3T+QlADDA7mOSlX0qiMINjn0cgr+eGHGsbSHzTabcIogz2+p/iqP1Xs6EP/sS2SbqH+brGTbq0g==}
    dev: true

  /iter-tools-es/7.4.0:
    resolution: {integrity: sha512-hd42u8EURn6KoWt/FhTBo7q5IEQrsgn0QPREyzBcfK1cXDmtiPhzKCKUT4LfDOVJQGb6KOawJcwlXCZQFr6n0w==}
    dev: true

  /meriyah/4.3.0:
    resolution: {integrity: sha512-YBm59F1syHtwN4/ULfU1cgAICONB+Z+sNV/96albrQbMKhWDHUivH7Pp+SOtjI0Gtx4/pEqeSOBBYaC+k5Bsdg==}
    engines: {node: '>=10.4.0'}
    dev: true

  /ms/2.1.2:
    resolution: {integrity: sha512-sGkPx+VjMtmA6MX27oA4FBFELFCZZ4S4XqeGOXCv68tT+jb3vk/RyaKWP0PTKyWtmLSM0b+adUTEvbs1PEaH2w==}

  /prettier/2.7.1:
    resolution: {integrity: sha512-ujppO+MkdPqoVINuDFDRLClm7D78qbDt0/NR+wp5FqEZOoTNAjPHWj17QRhu7geIHJfcNhRk1XVQmF8Bp3ye+g==}
    engines: {node: '>=10.13.0'}
    hasBin: true
    dev: true

  /regexpp/3.2.0:
    resolution: {integrity: sha512-pq2bWo9mVD43nbts2wGv17XLiNLya+GklZ8kaDLV2Z08gDCsGpnKn9BFMepvWuHCbyVvY7J5o5+BVvoQbmlJLg==}
    engines: {node: '>=8'}
    dev: true
